
Microsoft Visual Studio Solution File, Format Version 12.00
# Visual Studio Version 17
VisualStudioVersion = 17.14.36401.2 d17.14
MinimumVisualStudioVersion = 10.0.40219.1
Project("{FAE04EC0-301F-11D3-BF4B-00C04F79EFBC}") = "CurrencyConverter_Static", "CurrencyConverter_Static\CurrencyConverter_Static.csproj", "{A9A4325A-E2F4-42A1-99E2-864FD287F0BB}"
EndProject
Global
	GlobalSection(SolutionConfigurationPlatforms) = preSolution
		Debug|Any CPU = Debug|Any CPU
		Release|Any CPU = Release|Any CPU
	EndGlobalSection
	GlobalSection(ProjectConfigurationPlatforms) = postSolution
		{A9A4325A-E2F4-42A1-99E2-864FD287F0BB}.Debug|Any CPU.ActiveCfg = Debug|Any CPU
		{A9A4325A-E2F4-42A1-99E2-864FD287F0BB}.Debug|Any CPU.Build.0 = Debug|Any CPU
		{A9A4325A-E2F4-42A1-99E2-864FD287F0BB}.Release|Any CPU.ActiveCfg = Release|Any CPU
		{A9A4325A-E2F4-42A1-99E2-864FD287F0BB}.Release|Any CPU.Build.0 = Release|Any CPU
	EndGlobalSection
	GlobalSection(SolutionProperties) = preSolution
		HideSolutionNode = FALSE
	EndGlobalSection
	GlobalSection(ExtensibilityGlobals) = postSolution
		SolutionGuid = {851EA8DB-2C22-4A32-BEEB-3A3151224F98}
	EndGlobalSection
EndGlobal
